
Microsoft Visual Studio Solution File, Format Version 12.00
# Visual Studio Version 17
VisualStudioVersion = 17.8.34330.188
MinimumVisualStudioVersion = 10.0.40219.1
Project("{9A19103F-16F7-4668-BE54-9A1E7A4F7556}") = "DynamicProgramming", "DynamicProgramming.csproj", "{4F97EF5A-E3C5-48EE-A449-6CCD4E109665}"
EndProject
Project("{9A19103F-16F7-4668-BE54-9A1E7A4F7556}") = "LinkList", "..\LinkList\LinkList.csproj", "{8FDBB9DA-C86E-4C94-8EFA-1166495625C0}"
EndProject
Project("{9A19103F-16F7-4668-BE54-9A1E7A4F7556}") = "BinaryTree", "..\BinaryTree\BinaryTree.csproj", "{C3696058-9F7A-4D4C-B24F-87D4BDC90067}"
EndProject
Project("{9A19103F-16F7-4668-BE54-9A1E7A4F7556}") = "Graph", "..\Graph\Graph.csproj", "{6C847484-EF1D-4A83-8D44-3AEDDE6D1E9D}"
EndProject
Project("{9A19103F-16F7-4668-BE54-9A1E7A4F7556}") = "Recurrsion", "..\Recurrsion\Recurrsion.csproj", "{CE37BA34-1FF8-4C85-B669-D873926DC0A3}"
EndProject
Project("{9A19103F-16F7-4668-BE54-9A1E7A4F7556}") = "Iteration", "..\Iteration\Iteration.csproj", "{12E4B3F8-9D9E-428F-89D9-841D0D7C9937}"
EndProject
Project("{9A19103F-16F7-4668-BE54-9A1E7A4F7556}") = "StackAndQueue", "..\StackAndQueue\StackAndQueue.csproj", "{111AFCF7-C700-49AA-A846-BA7A4D833AAF}"
EndProject
Project("{2150E333-8FDC-42A3-9474-1A3956D46DE8}") = "Solution Items", "Solution Items", "{50C9A753-C71C-4E8C-9691-C103123C050F}"
	ProjectSection(SolutionItems) = preProject
		..\DynamicProgrammingNunit\.gitignore = ..\DynamicProgrammingNunit\.gitignore
		.github\workflows\DynamicProgramming.yaml = .github\workflows\DynamicProgramming.yaml
		Readme.txt = Readme.txt
	EndProjectSection
EndProject
Project("{9A19103F-16F7-4668-BE54-9A1E7A4F7556}") = "DynamicProgrammingNunit", "..\DynamicProgrammingNunit\DynamicProgrammingNunit.csproj", "{8D71915C-0D26-4C98-9C4B-539B663C87A7}"
EndProject
Global
	GlobalSection(SolutionConfigurationPlatforms) = preSolution
		Debug|Any CPU = Debug|Any CPU
		Release|Any CPU = Release|Any CPU
	EndGlobalSection
	GlobalSection(ProjectConfigurationPlatforms) = postSolution
		{4F97EF5A-E3C5-48EE-A449-6CCD4E109665}.Debug|Any CPU.ActiveCfg = Debug|Any CPU
		{4F97EF5A-E3C5-48EE-A449-6CCD4E109665}.Debug|Any CPU.Build.0 = Debug|Any CPU
		{4F97EF5A-E3C5-48EE-A449-6CCD4E109665}.Release|Any CPU.ActiveCfg = Release|Any CPU
		{4F97EF5A-E3C5-48EE-A449-6CCD4E109665}.Release|Any CPU.Build.0 = Release|Any CPU
		{8FDBB9DA-C86E-4C94-8EFA-1166495625C0}.Debug|Any CPU.ActiveCfg = Debug|Any CPU
		{8FDBB9DA-C86E-4C94-8EFA-1166495625C0}.Debug|Any CPU.Build.0 = Debug|Any CPU
		{8FDBB9DA-C86E-4C94-8EFA-1166495625C0}.Release|Any CPU.ActiveCfg = Release|Any CPU
		{8FDBB9DA-C86E-4C94-8EFA-1166495625C0}.Release|Any CPU.Build.0 = Release|Any CPU
		{C3696058-9F7A-4D4C-B24F-87D4BDC90067}.Debug|Any CPU.ActiveCfg = Debug|Any CPU
		{C3696058-9F7A-4D4C-B24F-87D4BDC90067}.Debug|Any CPU.Build.0 = Debug|Any CPU
		{C3696058-9F7A-4D4C-B24F-87D4BDC90067}.Release|Any CPU.ActiveCfg = Release|Any CPU
		{C3696058-9F7A-4D4C-B24F-87D4BDC90067}.Release|Any CPU.Build.0 = Release|Any CPU
		{6C847484-EF1D-4A83-8D44-3AEDDE6D1E9D}.Debug|Any CPU.ActiveCfg = Debug|Any CPU
		{6C847484-EF1D-4A83-8D44-3AEDDE6D1E9D}.Debug|Any CPU.Build.0 = Debug|Any CPU
		{6C847484-EF1D-4A83-8D44-3AEDDE6D1E9D}.Release|Any CPU.ActiveCfg = Release|Any CPU
		{6C847484-EF1D-4A83-8D44-3AEDDE6D1E9D}.Release|Any CPU.Build.0 = Release|Any CPU
		{CE37BA34-1FF8-4C85-B669-D873926DC0A3}.Debug|Any CPU.ActiveCfg = Debug|Any CPU
		{CE37BA34-1FF8-4C85-B669-D873926DC0A3}.Debug|Any CPU.Build.0 = Debug|Any CPU
		{CE37BA34-1FF8-4C85-B669-D873926DC0A3}.Release|Any CPU.ActiveCfg = Release|Any CPU
		{CE37BA34-1FF8-4C85-B669-D873926DC0A3}.Release|Any CPU.Build.0 = Release|Any CPU
		{12E4B3F8-9D9E-428F-89D9-841D0D7C9937}.Debug|Any CPU.ActiveCfg = Debug|Any CPU
		{12E4B3F8-9D9E-428F-89D9-841D0D7C9937}.Debug|Any CPU.Build.0 = Debug|Any CPU
		{12E4B3F8-9D9E-428F-89D9-841D0D7C9937}.Release|Any CPU.ActiveCfg = Release|Any CPU
		{12E4B3F8-9D9E-428F-89D9-841D0D7C9937}.Release|Any CPU.Build.0 = Release|Any CPU
		{111AFCF7-C700-49AA-A846-BA7A4D833AAF}.Debug|Any CPU.ActiveCfg = Debug|Any CPU
		{111AFCF7-C700-49AA-A846-BA7A4D833AAF}.Debug|Any CPU.Build.0 = Debug|Any CPU
		{111AFCF7-C700-49AA-A846-BA7A4D833AAF}.Release|Any CPU.ActiveCfg = Release|Any CPU
		{111AFCF7-C700-49AA-A846-BA7A4D833AAF}.Release|Any CPU.Build.0 = Release|Any CPU
		{8D71915C-0D26-4C98-9C4B-539B663C87A7}.Debug|Any CPU.ActiveCfg = Debug|Any CPU
		{8D71915C-0D26-4C98-9C4B-539B663C87A7}.Debug|Any CPU.Build.0 = Debug|Any CPU
		{8D71915C-0D26-4C98-9C4B-539B663C87A7}.Release|Any CPU.ActiveCfg = Release|Any CPU
		{8D71915C-0D26-4C98-9C4B-539B663C87A7}.Release|Any CPU.Build.0 = Release|Any CPU
	EndGlobalSection
	GlobalSection(SolutionProperties) = preSolution
		HideSolutionNode = FALSE
	EndGlobalSection
	GlobalSection(ExtensibilityGlobals) = postSolution
		SolutionGuid = {953D31DA-6A8C-463D-956D-0AB437F81F97}
	EndGlobalSection
EndGlobal
